
Microsoft Visual Studio Solution File, Format Version 12.00
# Visual Studio Version 17
VisualStudioVersion = 17.0.31903.59
MinimumVisualStudioVersion = 10.0.40219.1
Project("{2150E333-8FDC-42A3-9474-1A3956D46DE8}") = "src", "src", "{827E0CD3-B72D-47B6-A68D-7590B98EB39B}"
EndProject
Project("{2150E333-8FDC-42A3-9474-1A3956D46DE8}") = "Services", "Services", "{984BB9B3-3FA3-BE33-9484-CAC21695A33C}"
EndProject
Project("{2150E333-8FDC-42A3-9474-1A3956D46DE8}") = "Account", "Account", "{BC44AD1E-60C9-9EA1-D7ED-687AA9EFEF7C}"
EndProject
Project("{FAE04EC0-301F-11D3-BF4B-00C04F79EFBC}") = "Account.API", "src\Services\Account\Account.API\Account.API.csproj", "{8F8E9B45-7681-4810-B21E-4D833398F511}"
EndProject
Project("{FAE04EC0-301F-11D3-BF4B-00C04F79EFBC}") = "Account.Application", "src\Services\Account\Account.Application\Account.Application.csproj", "{B5C418D7-06E2-4971-945A-FF83607497B7}"
EndProject
Project("{FAE04EC0-301F-11D3-BF4B-00C04F79EFBC}") = "Account.Domain", "src\Services\Account\Account.Domain\Account.Domain.csproj", "{7AA5A072-6CC6-4022-A072-521233CDC7E7}"
EndProject
Project("{FAE04EC0-301F-11D3-BF4B-00C04F79EFBC}") = "Account.Infrastructure", "src\Services\Account\Account.Infrastructure\Account.Infrastructure.csproj", "{A6BD552C-8791-4F72-95A9-8E4ADA611CD1}"
EndProject
Project("{FAE04EC0-301F-11D3-BF4B-00C04F79EFBC}") = "MoneyTransfer.API", "src\Services\MoneyTransfer\MoneyTransfer.API\MoneyTransfer.API.csproj", "{50B2D6D6-0B45-47D7-8106-46BBB0AF9E72}"
EndProject
Project("{FAE04EC0-301F-11D3-BF4B-00C04F79EFBC}") = "MoneyTransfer.Application", "src\Services\MoneyTransfer\MoneyTransfer.Application\MoneyTransfer.Application.csproj", "{F4A36EFA-636A-4496-B9C5-88BAA6E6B587}"
EndProject
Project("{FAE04EC0-301F-11D3-BF4B-00C04F79EFBC}") = "MoneyTransfer.Domain", "src\Services\MoneyTransfer\MoneyTransfer.Domain\MoneyTransfer.Domain.csproj", "{579A4AC4-89D2-49EA-A98F-E8D64C43ABF1}"
EndProject
Project("{FAE04EC0-301F-11D3-BF4B-00C04F79EFBC}") = "MoneyTransfer.Infrastructure", "src\Services\MoneyTransfer\MoneyTransfer.Infrastructure\MoneyTransfer.Infrastructure.csproj", "{B53A98EC-0BBA-4F4E-AE64-CC1236DF12EA}"
EndProject
Project("{FAE04EC0-301F-11D3-BF4B-00C04F79EFBC}") = "Shared.Common", "src\Shared\Shared.Common\Shared.Common.csproj", "{6AB5BB1C-A342-4502-863E-3AE41BFFD5FA}"
EndProject
Project("{FAE04EC0-301F-11D3-BF4B-00C04F79EFBC}") = "Shared.Infrastructure", "src\Shared\Shared.Infrastructure\Shared.Infrastructure.csproj", "{39F6B23C-1502-4B0C-91E8-FD03E72999A6}"
EndProject
Project("{2150E333-8FDC-42A3-9474-1A3956D46DE8}") = "MoneyTransfer", "MoneyTransfer", "{ABEBE617-01BD-04E0-0E63-302EC99AE0E5}"
EndProject
Project("{2150E333-8FDC-42A3-9474-1A3956D46DE8}") = "BFF", "BFF", "{5A59128F-4F89-F389-6E50-8C577A914D77}"
EndProject
Project("{FAE04EC0-301F-11D3-BF4B-00C04F79EFBC}") = "BFF.API", "src\Services\BFF\BFF.API\BFF.API.csproj", "{0796A8E8-5B35-4132-AFB5-80F07EEFE94A}"
EndProject
Project("{2150E333-8FDC-42A3-9474-1A3956D46DE8}") = "tests", "tests", "{0AB3BF05-4346-4AA6-1389-037BE0695223}"
EndProject
Project("{FAE04EC0-301F-11D3-BF4B-00C04F79EFBC}") = "MoneyTransfer.Domain.Tests", "tests\MoneyTransfer.Domain.Tests\MoneyTransfer.Domain.Tests.csproj", "{B5A3B0AD-3837-4284-AA59-5A106FBBD251}"
EndProject
Project("{FAE04EC0-301F-11D3-BF4B-00C04F79EFBC}") = "Account.Domain.Tests", "tests\Account.Domain.Tests\Account.Domain.Tests.csproj", "{9C7995E1-6A75-4BE1-BBDC-2C56695156F1}"
EndProject
Project("{FAE04EC0-301F-11D3-BF4B-00C04F79EFBC}") = "Shared.Common.Tests", "tests\Shared.Common.Tests\Shared.Common.Tests.csproj", "{77C5C771-3B9E-45CB-83F2-3634A46543D9}"
EndProject
Project("{FAE04EC0-301F-11D3-BF4B-00C04F79EFBC}") = "MoneyTransfer.Application.Tests", "tests\MoneyTransfer.Application.Tests\MoneyTransfer.Application.Tests.csproj", "{AE7B5F89-A7EA-4416-A13F-277147043A51}"
EndProject
Project("{FAE04EC0-301F-11D3-BF4B-00C04F79EFBC}") = "Account.Application.Tests", "tests\Account.Application.Tests\Account.Application.Tests.csproj", "{376A23E4-6B2E-4166-BC14-1E0E671AD7BC}"
EndProject
Project("{2150E333-8FDC-42A3-9474-1A3956D46DE8}") = "Shared", "Shared", "{449FC489-CE15-47D4-B039-AFB02A4535DA}"
EndProject
Project("{2150E333-8FDC-42A3-9474-1A3956D46DE8}") = "MoneyTransfer", "MoneyTransfer", "{057F9004-F896-4BB2-A63B-1DBD405D28A8}"
EndProject
Project("{2150E333-8FDC-42A3-9474-1A3956D46DE8}") = "Account", "Account", "{142D610F-2B71-4B67-B6CC-148424C18697}"
EndProject
Project("{2150E333-8FDC-42A3-9474-1A3956D46DE8}") = "Shared", "Shared", "{D63EB62E-C826-4621-938B-03778F498757}"
EndProject
Project("{2150E333-8FDC-42A3-9474-1A3956D46DE8}") = "Solution Items", "Solution Items", "{AEB0139A-41F5-4E2F-B140-77ACC86BCA61}"
	ProjectSection(SolutionItems) = preProject
		Directory.Build.props = Directory.Build.props
		Directory.Packages.props = Directory.Packages.props
		docker-compose.observability.yml = docker-compose.observability.yml
		docker-compose.yml = docker-compose.yml
	EndProjectSection
EndProject
Global
	GlobalSection(SolutionConfigurationPlatforms) = preSolution
		Debug|Any CPU = Debug|Any CPU
		Debug|x64 = Debug|x64
		Debug|x86 = Debug|x86
		Release|Any CPU = Release|Any CPU
		Release|x64 = Release|x64
		Release|x86 = Release|x86
	EndGlobalSection
	GlobalSection(ProjectConfigurationPlatforms) = postSolution
		{8F8E9B45-7681-4810-B21E-4D833398F511}.Debug|Any CPU.ActiveCfg = Debug|Any CPU
		{8F8E9B45-7681-4810-B21E-4D833398F511}.Debug|Any CPU.Build.0 = Debug|Any CPU
		{8F8E9B45-7681-4810-B21E-4D833398F511}.Debug|x64.ActiveCfg = Debug|Any CPU
		{8F8E9B45-7681-4810-B21E-4D833398F511}.Debug|x64.Build.0 = Debug|Any CPU
		{8F8E9B45-7681-4810-B21E-4D833398F511}.Debug|x86.ActiveCfg = Debug|Any CPU
		{8F8E9B45-7681-4810-B21E-4D833398F511}.Debug|x86.Build.0 = Debug|Any CPU
		{8F8E9B45-7681-4810-B21E-4D833398F511}.Release|Any CPU.ActiveCfg = Release|Any CPU
		{8F8E9B45-7681-4810-B21E-4D833398F511}.Release|Any CPU.Build.0 = Release|Any CPU
		{8F8E9B45-7681-4810-B21E-4D833398F511}.Release|x64.ActiveCfg = Release|Any CPU
		{8F8E9B45-7681-4810-B21E-4D833398F511}.Release|x64.Build.0 = Release|Any CPU
		{8F8E9B45-7681-4810-B21E-4D833398F511}.Release|x86.ActiveCfg = Release|Any CPU
		{8F8E9B45-7681-4810-B21E-4D833398F511}.Release|x86.Build.0 = Release|Any CPU
		{B5C418D7-06E2-4971-945A-FF83607497B7}.Debug|Any CPU.ActiveCfg = Debug|Any CPU
		{B5C418D7-06E2-4971-945A-FF83607497B7}.Debug|Any CPU.Build.0 = Debug|Any CPU
		{B5C418D7-06E2-4971-945A-FF83607497B7}.Debug|x64.ActiveCfg = Debug|Any CPU
		{B5C418D7-06E2-4971-945A-FF83607497B7}.Debug|x64.Build.0 = Debug|Any CPU
		{B5C418D7-06E2-4971-945A-FF83607497B7}.Debug|x86.ActiveCfg = Debug|Any CPU
		{B5C418D7-06E2-4971-945A-FF83607497B7}.Debug|x86.Build.0 = Debug|Any CPU
		{B5C418D7-06E2-4971-945A-FF83607497B7}.Release|Any CPU.ActiveCfg = Release|Any CPU
		{B5C418D7-06E2-4971-945A-FF83607497B7}.Release|Any CPU.Build.0 = Release|Any CPU
		{B5C418D7-06E2-4971-945A-FF83607497B7}.Release|x64.ActiveCfg = Release|Any CPU
		{B5C418D7-06E2-4971-945A-FF83607497B7}.Release|x64.Build.0 = Release|Any CPU
		{B5C418D7-06E2-4971-945A-FF83607497B7}.Release|x86.ActiveCfg = Release|Any CPU
		{B5C418D7-06E2-4971-945A-FF83607497B7}.Release|x86.Build.0 = Release|Any CPU
		{7AA5A072-6CC6-4022-A072-521233CDC7E7}.Debug|Any CPU.ActiveCfg = Debug|Any CPU
		{7AA5A072-6CC6-4022-A072-521233CDC7E7}.Debug|Any CPU.Build.0 = Debug|Any CPU
		{7AA5A072-6CC6-4022-A072-521233CDC7E7}.Debug|x64.ActiveCfg = Debug|Any CPU
		{7AA5A072-6CC6-4022-A072-521233CDC7E7}.Debug|x64.Build.0 = Debug|Any CPU
		{7AA5A072-6CC6-4022-A072-521233CDC7E7}.Debug|x86.ActiveCfg = Debug|Any CPU
		{7AA5A072-6CC6-4022-A072-521233CDC7E7}.Debug|x86.Build.0 = Debug|Any CPU
		{7AA5A072-6CC6-4022-A072-521233CDC7E7}.Release|Any CPU.ActiveCfg = Release|Any CPU
		{7AA5A072-6CC6-4022-A072-521233CDC7E7}.Release|Any CPU.Build.0 = Release|Any CPU
		{7AA5A072-6CC6-4022-A072-521233CDC7E7}.Release|x64.ActiveCfg = Release|Any CPU
		{7AA5A072-6CC6-4022-A072-521233CDC7E7}.Release|x64.Build.0 = Release|Any CPU
		{7AA5A072-6CC6-4022-A072-521233CDC7E7}.Release|x86.ActiveCfg = Release|Any CPU
		{7AA5A072-6CC6-4022-A072-521233CDC7E7}.Release|x86.Build.0 = Release|Any CPU
		{A6BD552C-8791-4F72-95A9-8E4ADA611CD1}.Debug|Any CPU.ActiveCfg = Debug|Any CPU
		{A6BD552C-8791-4F72-95A9-8E4ADA611CD1}.Debug|Any CPU.Build.0 = Debug|Any CPU
		{A6BD552C-8791-4F72-95A9-8E4ADA611CD1}.Debug|x64.ActiveCfg = Debug|Any CPU
		{A6BD552C-8791-4F72-95A9-8E4ADA611CD1}.Debug|x64.Build.0 = Debug|Any CPU
		{A6BD552C-8791-4F72-95A9-8E4ADA611CD1}.Debug|x86.ActiveCfg = Debug|Any CPU
		{A6BD552C-8791-4F72-95A9-8E4ADA611CD1}.Debug|x86.Build.0 = Debug|Any CPU
		{A6BD552C-8791-4F72-95A9-8E4ADA611CD1}.Release|Any CPU.ActiveCfg = Release|Any CPU
		{A6BD552C-8791-4F72-95A9-8E4ADA611CD1}.Release|Any CPU.Build.0 = Release|Any CPU
		{A6BD552C-8791-4F72-95A9-8E4ADA611CD1}.Release|x64.ActiveCfg = Release|Any CPU
		{A6BD552C-8791-4F72-95A9-8E4ADA611CD1}.Release|x64.Build.0 = Release|Any CPU
		{A6BD552C-8791-4F72-95A9-8E4ADA611CD1}.Release|x86.ActiveCfg = Release|Any CPU
		{A6BD552C-8791-4F72-95A9-8E4ADA611CD1}.Release|x86.Build.0 = Release|Any CPU
		{50B2D6D6-0B45-47D7-8106-46BBB0AF9E72}.Debug|Any CPU.ActiveCfg = Debug|Any CPU
		{50B2D6D6-0B45-47D7-8106-46BBB0AF9E72}.Debug|Any CPU.Build.0 = Debug|Any CPU
		{50B2D6D6-0B45-47D7-8106-46BBB0AF9E72}.Debug|x64.ActiveCfg = Debug|Any CPU
		{50B2D6D6-0B45-47D7-8106-46BBB0AF9E72}.Debug|x64.Build.0 = Debug|Any CPU
		{50B2D6D6-0B45-47D7-8106-46BBB0AF9E72}.Debug|x86.ActiveCfg = Debug|Any CPU
		{50B2D6D6-0B45-47D7-8106-46BBB0AF9E72}.Debug|x86.Build.0 = Debug|Any CPU
		{50B2D6D6-0B45-47D7-8106-46BBB0AF9E72}.Release|Any CPU.ActiveCfg = Release|Any CPU
		{50B2D6D6-0B45-47D7-8106-46BBB0AF9E72}.Release|Any CPU.Build.0 = Release|Any CPU
		{50B2D6D6-0B45-47D7-8106-46BBB0AF9E72}.Release|x64.ActiveCfg = Release|Any CPU
		{50B2D6D6-0B45-47D7-8106-46BBB0AF9E72}.Release|x64.Build.0 = Release|Any CPU
		{50B2D6D6-0B45-47D7-8106-46BBB0AF9E72}.Release|x86.ActiveCfg = Release|Any CPU
		{50B2D6D6-0B45-47D7-8106-46BBB0AF9E72}.Release|x86.Build.0 = Release|Any CPU
		{F4A36EFA-636A-4496-B9C5-88BAA6E6B587}.Debug|Any CPU.ActiveCfg = Debug|Any CPU
		{F4A36EFA-636A-4496-B9C5-88BAA6E6B587}.Debug|Any CPU.Build.0 = Debug|Any CPU
		{F4A36EFA-636A-4496-B9C5-88BAA6E6B587}.Debug|x64.ActiveCfg = Debug|Any CPU
		{F4A36EFA-636A-4496-B9C5-88BAA6E6B587}.Debug|x64.Build.0 = Debug|Any CPU
		{F4A36EFA-636A-4496-B9C5-88BAA6E6B587}.Debug|x86.ActiveCfg = Debug|Any CPU
		{F4A36EFA-636A-4496-B9C5-88BAA6E6B587}.Debug|x86.Build.0 = Debug|Any CPU
		{F4A36EFA-636A-4496-B9C5-88BAA6E6B587}.Release|Any CPU.ActiveCfg = Release|Any CPU
		{F4A36EFA-636A-4496-B9C5-88BAA6E6B587}.Release|Any CPU.Build.0 = Release|Any CPU
		{F4A36EFA-636A-4496-B9C5-88BAA6E6B587}.Release|x64.ActiveCfg = Release|Any CPU
		{F4A36EFA-636A-4496-B9C5-88BAA6E6B587}.Release|x64.Build.0 = Release|Any CPU
		{F4A36EFA-636A-4496-B9C5-88BAA6E6B587}.Release|x86.ActiveCfg = Release|Any CPU
		{F4A36EFA-636A-4496-B9C5-88BAA6E6B587}.Release|x86.Build.0 = Release|Any CPU
		{579A4AC4-89D2-49EA-A98F-E8D64C43ABF1}.Debug|Any CPU.ActiveCfg = Debug|Any CPU
		{579A4AC4-89D2-49EA-A98F-E8D64C43ABF1}.Debug|Any CPU.Build.0 = Debug|Any CPU
		{579A4AC4-89D2-49EA-A98F-E8D64C43ABF1}.Debug|x64.ActiveCfg = Debug|Any CPU
		{579A4AC4-89D2-49EA-A98F-E8D64C43ABF1}.Debug|x64.Build.0 = Debug|Any CPU
		{579A4AC4-89D2-49EA-A98F-E8D64C43ABF1}.Debug|x86.ActiveCfg = Debug|Any CPU
		{579A4AC4-89D2-49EA-A98F-E8D64C43ABF1}.Debug|x86.Build.0 = Debug|Any CPU
		{579A4AC4-89D2-49EA-A98F-E8D64C43ABF1}.Release|Any CPU.ActiveCfg = Release|Any CPU
		{579A4AC4-89D2-49EA-A98F-E8D64C43ABF1}.Release|Any CPU.Build.0 = Release|Any CPU
		{579A4AC4-89D2-49EA-A98F-E8D64C43ABF1}.Release|x64.ActiveCfg = Release|Any CPU
		{579A4AC4-89D2-49EA-A98F-E8D64C43ABF1}.Release|x64.Build.0 = Release|Any CPU
		{579A4AC4-89D2-49EA-A98F-E8D64C43ABF1}.Release|x86.ActiveCfg = Release|Any CPU
		{579A4AC4-89D2-49EA-A98F-E8D64C43ABF1}.Release|x86.Build.0 = Release|Any CPU
		{B53A98EC-0BBA-4F4E-AE64-CC1236DF12EA}.Debug|Any CPU.ActiveCfg = Debug|Any CPU
		{B53A98EC-0BBA-4F4E-AE64-CC1236DF12EA}.Debug|Any CPU.Build.0 = Debug|Any CPU
		{B53A98EC-0BBA-4F4E-AE64-CC1236DF12EA}.Debug|x64.ActiveCfg = Debug|Any CPU
		{B53A98EC-0BBA-4F4E-AE64-CC1236DF12EA}.Debug|x64.Build.0 = Debug|Any CPU
		{B53A98EC-0BBA-4F4E-AE64-CC1236DF12EA}.Debug|x86.ActiveCfg = Debug|Any CPU
		{B53A98EC-0BBA-4F4E-AE64-CC1236DF12EA}.Debug|x86.Build.0 = Debug|Any CPU
		{B53A98EC-0BBA-4F4E-AE64-CC1236DF12EA}.Release|Any CPU.ActiveCfg = Release|Any CPU
		{B53A98EC-0BBA-4F4E-AE64-CC1236DF12EA}.Release|Any CPU.Build.0 = Release|Any CPU
		{B53A98EC-0BBA-4F4E-AE64-CC1236DF12EA}.Release|x64.ActiveCfg = Release|Any CPU
		{B53A98EC-0BBA-4F4E-AE64-CC1236DF12EA}.Release|x64.Build.0 = Release|Any CPU
		{B53A98EC-0BBA-4F4E-AE64-CC1236DF12EA}.Release|x86.ActiveCfg = Release|Any CPU
		{B53A98EC-0BBA-4F4E-AE64-CC1236DF12EA}.Release|x86.Build.0 = Release|Any CPU
		{6AB5BB1C-A342-4502-863E-3AE41BFFD5FA}.Debug|Any CPU.ActiveCfg = Debug|Any CPU
		{6AB5BB1C-A342-4502-863E-3AE41BFFD5FA}.Debug|Any CPU.Build.0 = Debug|Any CPU
		{6AB5BB1C-A342-4502-863E-3AE41BFFD5FA}.Debug|x64.ActiveCfg = Debug|Any CPU
		{6AB5BB1C-A342-4502-863E-3AE41BFFD5FA}.Debug|x64.Build.0 = Debug|Any CPU
		{6AB5BB1C-A342-4502-863E-3AE41BFFD5FA}.Debug|x86.ActiveCfg = Debug|Any CPU
		{6AB5BB1C-A342-4502-863E-3AE41BFFD5FA}.Debug|x86.Build.0 = Debug|Any CPU
		{6AB5BB1C-A342-4502-863E-3AE41BFFD5FA}.Release|Any CPU.ActiveCfg = Release|Any CPU
		{6AB5BB1C-A342-4502-863E-3AE41BFFD5FA}.Release|Any CPU.Build.0 = Release|Any CPU
		{6AB5BB1C-A342-4502-863E-3AE41BFFD5FA}.Release|x64.ActiveCfg = Release|Any CPU
		{6AB5BB1C-A342-4502-863E-3AE41BFFD5FA}.Release|x64.Build.0 = Release|Any CPU
		{6AB5BB1C-A342-4502-863E-3AE41BFFD5FA}.Release|x86.ActiveCfg = Release|Any CPU
		{6AB5BB1C-A342-4502-863E-3AE41BFFD5FA}.Release|x86.Build.0 = Release|Any CPU
		{39F6B23C-1502-4B0C-91E8-FD03E72999A6}.Debug|Any CPU.ActiveCfg = Debug|Any CPU
		{39F6B23C-1502-4B0C-91E8-FD03E72999A6}.Debug|Any CPU.Build.0 = Debug|Any CPU
		{39F6B23C-1502-4B0C-91E8-FD03E72999A6}.Debug|x64.ActiveCfg = Debug|Any CPU
		{39F6B23C-1502-4B0C-91E8-FD03E72999A6}.Debug|x64.Build.0 = Debug|Any CPU
		{39F6B23C-1502-4B0C-91E8-FD03E72999A6}.Debug|x86.ActiveCfg = Debug|Any CPU
		{39F6B23C-1502-4B0C-91E8-FD03E72999A6}.Debug|x86.Build.0 = Debug|Any CPU
		{39F6B23C-1502-4B0C-91E8-FD03E72999A6}.Release|Any CPU.ActiveCfg = Release|Any CPU
		{39F6B23C-1502-4B0C-91E8-FD03E72999A6}.Release|Any CPU.Build.0 = Release|Any CPU
		{39F6B23C-1502-4B0C-91E8-FD03E72999A6}.Release|x64.ActiveCfg = Release|Any CPU
		{39F6B23C-1502-4B0C-91E8-FD03E72999A6}.Release|x64.Build.0 = Release|Any CPU
		{39F6B23C-1502-4B0C-91E8-FD03E72999A6}.Release|x86.ActiveCfg = Release|Any CPU
		{39F6B23C-1502-4B0C-91E8-FD03E72999A6}.Release|x86.Build.0 = Release|Any CPU
		{0796A8E8-5B35-4132-AFB5-80F07EEFE94A}.Debug|Any CPU.ActiveCfg = Debug|Any CPU
		{0796A8E8-5B35-4132-AFB5-80F07EEFE94A}.Debug|Any CPU.Build.0 = Debug|Any CPU
		{0796A8E8-5B35-4132-AFB5-80F07EEFE94A}.Debug|x64.ActiveCfg = Debug|Any CPU
		{0796A8E8-5B35-4132-AFB5-80F07EEFE94A}.Debug|x64.Build.0 = Debug|Any CPU
		{0796A8E8-5B35-4132-AFB5-80F07EEFE94A}.Debug|x86.ActiveCfg = Debug|Any CPU
		{0796A8E8-5B35-4132-AFB5-80F07EEFE94A}.Debug|x86.Build.0 = Debug|Any CPU
		{0796A8E8-5B35-4132-AFB5-80F07EEFE94A}.Release|Any CPU.ActiveCfg = Release|Any CPU
		{0796A8E8-5B35-4132-AFB5-80F07EEFE94A}.Release|Any CPU.Build.0 = Release|Any CPU
		{0796A8E8-5B35-4132-AFB5-80F07EEFE94A}.Release|x64.ActiveCfg = Release|Any CPU
		{0796A8E8-5B35-4132-AFB5-80F07EEFE94A}.Release|x64.Build.0 = Release|Any CPU
		{0796A8E8-5B35-4132-AFB5-80F07EEFE94A}.Release|x86.ActiveCfg = Release|Any CPU
		{0796A8E8-5B35-4132-AFB5-80F07EEFE94A}.Release|x86.Build.0 = Release|Any CPU
		{B5A3B0AD-3837-4284-AA59-5A106FBBD251}.Debug|Any CPU.ActiveCfg = Debug|Any CPU
		{B5A3B0AD-3837-4284-AA59-5A106FBBD251}.Debug|Any CPU.Build.0 = Debug|Any CPU
		{B5A3B0AD-3837-4284-AA59-5A106FBBD251}.Debug|x64.ActiveCfg = Debug|Any CPU
		{B5A3B0AD-3837-4284-AA59-5A106FBBD251}.Debug|x64.Build.0 = Debug|Any CPU
		{B5A3B0AD-3837-4284-AA59-5A106FBBD251}.Debug|x86.ActiveCfg = Debug|Any CPU
		{B5A3B0AD-3837-4284-AA59-5A106FBBD251}.Debug|x86.Build.0 = Debug|Any CPU
		{B5A3B0AD-3837-4284-AA59-5A106FBBD251}.Release|Any CPU.ActiveCfg = Release|Any CPU
		{B5A3B0AD-3837-4284-AA59-5A106FBBD251}.Release|Any CPU.Build.0 = Release|Any CPU
		{B5A3B0AD-3837-4284-AA59-5A106FBBD251}.Release|x64.ActiveCfg = Release|Any CPU
		{B5A3B0AD-3837-4284-AA59-5A106FBBD251}.Release|x64.Build.0 = Release|Any CPU
		{B5A3B0AD-3837-4284-AA59-5A106FBBD251}.Release|x86.ActiveCfg = Release|Any CPU
		{B5A3B0AD-3837-4284-AA59-5A106FBBD251}.Release|x86.Build.0 = Release|Any CPU
		{9C7995E1-6A75-4BE1-BBDC-2C56695156F1}.Debug|Any CPU.ActiveCfg = Debug|Any CPU
		{9C7995E1-6A75-4BE1-BBDC-2C56695156F1}.Debug|Any CPU.Build.0 = Debug|Any CPU
		{9C7995E1-6A75-4BE1-BBDC-2C56695156F1}.Debug|x64.ActiveCfg = Debug|Any CPU
		{9C7995E1-6A75-4BE1-BBDC-2C56695156F1}.Debug|x64.Build.0 = Debug|Any CPU
		{9C7995E1-6A75-4BE1-BBDC-2C56695156F1}.Debug|x86.ActiveCfg = Debug|Any CPU
		{9C7995E1-6A75-4BE1-BBDC-2C56695156F1}.Debug|x86.Build.0 = Debug|Any CPU
		{9C7995E1-6A75-4BE1-BBDC-2C56695156F1}.Release|Any CPU.ActiveCfg = Release|Any CPU
		{9C7995E1-6A75-4BE1-BBDC-2C56695156F1}.Release|Any CPU.Build.0 = Release|Any CPU
		{9C7995E1-6A75-4BE1-BBDC-2C56695156F1}.Release|x64.ActiveCfg = Release|Any CPU
		{9C7995E1-6A75-4BE1-BBDC-2C56695156F1}.Release|x64.Build.0 = Release|Any CPU
		{9C7995E1-6A75-4BE1-BBDC-2C56695156F1}.Release|x86.ActiveCfg = Release|Any CPU
		{9C7995E1-6A75-4BE1-BBDC-2C56695156F1}.Release|x86.Build.0 = Release|Any CPU
		{77C5C771-3B9E-45CB-83F2-3634A46543D9}.Debug|Any CPU.ActiveCfg = Debug|Any CPU
		{77C5C771-3B9E-45CB-83F2-3634A46543D9}.Debug|Any CPU.Build.0 = Debug|Any CPU
		{77C5C771-3B9E-45CB-83F2-3634A46543D9}.Debug|x64.ActiveCfg = Debug|Any CPU
		{77C5C771-3B9E-45CB-83F2-3634A46543D9}.Debug|x64.Build.0 = Debug|Any CPU
		{77C5C771-3B9E-45CB-83F2-3634A46543D9}.Debug|x86.ActiveCfg = Debug|Any CPU
		{77C5C771-3B9E-45CB-83F2-3634A46543D9}.Debug|x86.Build.0 = Debug|Any CPU
		{77C5C771-3B9E-45CB-83F2-3634A46543D9}.Release|Any CPU.ActiveCfg = Release|Any CPU
		{77C5C771-3B9E-45CB-83F2-3634A46543D9}.Release|Any CPU.Build.0 = Release|Any CPU
		{77C5C771-3B9E-45CB-83F2-3634A46543D9}.Release|x64.ActiveCfg = Release|Any CPU
		{77C5C771-3B9E-45CB-83F2-3634A46543D9}.Release|x64.Build.0 = Release|Any CPU
		{77C5C771-3B9E-45CB-83F2-3634A46543D9}.Release|x86.ActiveCfg = Release|Any CPU
		{77C5C771-3B9E-45CB-83F2-3634A46543D9}.Release|x86.Build.0 = Release|Any CPU
		{AE7B5F89-A7EA-4416-A13F-277147043A51}.Debug|Any CPU.ActiveCfg = Debug|Any CPU
		{AE7B5F89-A7EA-4416-A13F-277147043A51}.Debug|Any CPU.Build.0 = Debug|Any CPU
		{AE7B5F89-A7EA-4416-A13F-277147043A51}.Debug|x64.ActiveCfg = Debug|Any CPU
		{AE7B5F89-A7EA-4416-A13F-277147043A51}.Debug|x64.Build.0 = Debug|Any CPU
		{AE7B5F89-A7EA-4416-A13F-277147043A51}.Debug|x86.ActiveCfg = Debug|Any CPU
		{AE7B5F89-A7EA-4416-A13F-277147043A51}.Debug|x86.Build.0 = Debug|Any CPU
		{AE7B5F89-A7EA-4416-A13F-277147043A51}.Release|Any CPU.ActiveCfg = Release|Any CPU
		{AE7B5F89-A7EA-4416-A13F-277147043A51}.Release|Any CPU.Build.0 = Release|Any CPU
		{AE7B5F89-A7EA-4416-A13F-277147043A51}.Release|x64.ActiveCfg = Release|Any CPU
		{AE7B5F89-A7EA-4416-A13F-277147043A51}.Release|x64.Build.0 = Release|Any CPU
		{AE7B5F89-A7EA-4416-A13F-277147043A51}.Release|x86.ActiveCfg = Release|Any CPU
		{AE7B5F89-A7EA-4416-A13F-277147043A51}.Release|x86.Build.0 = Release|Any CPU
		{376A23E4-6B2E-4166-BC14-1E0E671AD7BC}.Debug|Any CPU.ActiveCfg = Debug|Any CPU
		{376A23E4-6B2E-4166-BC14-1E0E671AD7BC}.Debug|Any CPU.Build.0 = Debug|Any CPU
		{376A23E4-6B2E-4166-BC14-1E0E671AD7BC}.Debug|x64.ActiveCfg = Debug|Any CPU
		{376A23E4-6B2E-4166-BC14-1E0E671AD7BC}.Debug|x64.Build.0 = Debug|Any CPU
		{376A23E4-6B2E-4166-BC14-1E0E671AD7BC}.Debug|x86.ActiveCfg = Debug|Any CPU
		{376A23E4-6B2E-4166-BC14-1E0E671AD7BC}.Debug|x86.Build.0 = Debug|Any CPU
		{376A23E4-6B2E-4166-BC14-1E0E671AD7BC}.Release|Any CPU.ActiveCfg = Release|Any CPU
		{376A23E4-6B2E-4166-BC14-1E0E671AD7BC}.Release|Any CPU.Build.0 = Release|Any CPU
		{376A23E4-6B2E-4166-BC14-1E0E671AD7BC}.Release|x64.ActiveCfg = Release|Any CPU
		{376A23E4-6B2E-4166-BC14-1E0E671AD7BC}.Release|x64.Build.0 = Release|Any CPU
		{376A23E4-6B2E-4166-BC14-1E0E671AD7BC}.Release|x86.ActiveCfg = Release|Any CPU
		{376A23E4-6B2E-4166-BC14-1E0E671AD7BC}.Release|x86.Build.0 = Release|Any CPU
	EndGlobalSection
	GlobalSection(SolutionProperties) = preSolution
		HideSolutionNode = FALSE
	EndGlobalSection
	GlobalSection(NestedProjects) = preSolution
		{984BB9B3-3FA3-BE33-9484-CAC21695A33C} = {827E0CD3-B72D-47B6-A68D-7590B98EB39B}
		{BC44AD1E-60C9-9EA1-D7ED-687AA9EFEF7C} = {984BB9B3-3FA3-BE33-9484-CAC21695A33C}
		{8F8E9B45-7681-4810-B21E-4D833398F511} = {BC44AD1E-60C9-9EA1-D7ED-687AA9EFEF7C}
		{B5C418D7-06E2-4971-945A-FF83607497B7} = {BC44AD1E-60C9-9EA1-D7ED-687AA9EFEF7C}
		{7AA5A072-6CC6-4022-A072-521233CDC7E7} = {BC44AD1E-60C9-9EA1-D7ED-687AA9EFEF7C}
		{A6BD552C-8791-4F72-95A9-8E4ADA611CD1} = {BC44AD1E-60C9-9EA1-D7ED-687AA9EFEF7C}
		{ABEBE617-01BD-04E0-0E63-302EC99AE0E5} = {984BB9B3-3FA3-BE33-9484-CAC21695A33C}
		{5A59128F-4F89-F389-6E50-8C577A914D77} = {984BB9B3-3FA3-BE33-9484-CAC21695A33C}
		{0796A8E8-5B35-4132-AFB5-80F07EEFE94A} = {5A59128F-4F89-F389-6E50-8C577A914D77}
		{449FC489-CE15-47D4-B039-AFB02A4535DA} = {984BB9B3-3FA3-BE33-9484-CAC21695A33C}
		{6AB5BB1C-A342-4502-863E-3AE41BFFD5FA} = {449FC489-CE15-47D4-B039-AFB02A4535DA}
		{39F6B23C-1502-4B0C-91E8-FD03E72999A6} = {449FC489-CE15-47D4-B039-AFB02A4535DA}
		{50B2D6D6-0B45-47D7-8106-46BBB0AF9E72} = {ABEBE617-01BD-04E0-0E63-302EC99AE0E5}
		{F4A36EFA-636A-4496-B9C5-88BAA6E6B587} = {ABEBE617-01BD-04E0-0E63-302EC99AE0E5}
		{579A4AC4-89D2-49EA-A98F-E8D64C43ABF1} = {ABEBE617-01BD-04E0-0E63-302EC99AE0E5}
		{B53A98EC-0BBA-4F4E-AE64-CC1236DF12EA} = {ABEBE617-01BD-04E0-0E63-302EC99AE0E5}
		{057F9004-F896-4BB2-A63B-1DBD405D28A8} = {0AB3BF05-4346-4AA6-1389-037BE0695223}
		{142D610F-2B71-4B67-B6CC-148424C18697} = {0AB3BF05-4346-4AA6-1389-037BE0695223}
		{376A23E4-6B2E-4166-BC14-1E0E671AD7BC} = {142D610F-2B71-4B67-B6CC-148424C18697}
		{9C7995E1-6A75-4BE1-BBDC-2C56695156F1} = {142D610F-2B71-4B67-B6CC-148424C18697}
		{D63EB62E-C826-4621-938B-03778F498757} = {0AB3BF05-4346-4AA6-1389-037BE0695223}
		{77C5C771-3B9E-45CB-83F2-3634A46543D9} = {D63EB62E-C826-4621-938B-03778F498757}
		{AE7B5F89-A7EA-4416-A13F-277147043A51} = {057F9004-F896-4BB2-A63B-1DBD405D28A8}
		{B5A3B0AD-3837-4284-AA59-5A106FBBD251} = {057F9004-F896-4BB2-A63B-1DBD405D28A8}
	EndGlobalSection
EndGlobal
